
Microsoft Visual Studio Solution File, Format Version 12.00
# Visual Studio Version 17
VisualStudioVersion = 17.9.34902.65
MinimumVisualStudioVersion = 10.0.40219.1
Project("{9A19103F-16F7-4668-BE54-9A1E7A4F7556}") = "CrudOperations", "CrudOperations\CrudOperations.csproj", "{0C07A0F3-7EDD-45B2-AAD5-108F768BEBB3}"
EndProject
Project("{9A19103F-16F7-4668-BE54-9A1E7A4F7556}") = "Encryption", "Encryption\Encryption.csproj", "{68B8A786-195F-42B9-A4C2-52BEDDD63D1E}"
EndProject
Project("{9A19103F-16F7-4668-BE54-9A1E7A4F7556}") = "Encryption.Tests", "Encryption.Tests\Encryption.Tests.csproj", "{C19AD90D-194F-4413-A2AC-7571184280AE}"
EndProject
Project("{9A19103F-16F7-4668-BE54-9A1E7A4F7556}") = "ExceptionLog", "ExceptionLog\ExceptionLog.csproj", "{31C31E16-E3A3-4AF4-8770-47A5386E2CD8}"
EndProject
Project("{FAE04EC0-301F-11D3-BF4B-00C04F79EFBC}") = "ExceptionLogTests", "ExceptionLogTests\ExceptionLogTests.csproj", "{60FB34A3-8B27-4F29-B659-222F59E6FF2C}"
EndProject
Global
	GlobalSection(SolutionConfigurationPlatforms) = preSolution
		Debug|Any CPU = Debug|Any CPU
		Release|Any CPU = Release|Any CPU
	EndGlobalSection
	GlobalSection(ProjectConfigurationPlatforms) = postSolution
		{0C07A0F3-7EDD-45B2-AAD5-108F768BEBB3}.Debug|Any CPU.ActiveCfg = Debug|Any CPU
		{0C07A0F3-7EDD-45B2-AAD5-108F768BEBB3}.Debug|Any CPU.Build.0 = Debug|Any CPU
		{0C07A0F3-7EDD-45B2-AAD5-108F768BEBB3}.Release|Any CPU.ActiveCfg = Release|Any CPU
		{0C07A0F3-7EDD-45B2-AAD5-108F768BEBB3}.Release|Any CPU.Build.0 = Release|Any CPU
		{68B8A786-195F-42B9-A4C2-52BEDDD63D1E}.Debug|Any CPU.ActiveCfg = Debug|Any CPU
		{68B8A786-195F-42B9-A4C2-52BEDDD63D1E}.Debug|Any CPU.Build.0 = Debug|Any CPU
		{68B8A786-195F-42B9-A4C2-52BEDDD63D1E}.Release|Any CPU.ActiveCfg = Release|Any CPU
		{68B8A786-195F-42B9-A4C2-52BEDDD63D1E}.Release|Any CPU.Build.0 = Release|Any CPU
		{C19AD90D-194F-4413-A2AC-7571184280AE}.Debug|Any CPU.ActiveCfg = Debug|Any CPU
		{C19AD90D-194F-4413-A2AC-7571184280AE}.Debug|Any CPU.Build.0 = Debug|Any CPU
		{C19AD90D-194F-4413-A2AC-7571184280AE}.Release|Any CPU.ActiveCfg = Release|Any CPU
		{C19AD90D-194F-4413-A2AC-7571184280AE}.Release|Any CPU.Build.0 = Release|Any CPU
		{31C31E16-E3A3-4AF4-8770-47A5386E2CD8}.Debug|Any CPU.ActiveCfg = Debug|Any CPU
		{31C31E16-E3A3-4AF4-8770-47A5386E2CD8}.Debug|Any CPU.Build.0 = Debug|Any CPU
		{31C31E16-E3A3-4AF4-8770-47A5386E2CD8}.Release|Any CPU.ActiveCfg = Release|Any CPU
		{31C31E16-E3A3-4AF4-8770-47A5386E2CD8}.Release|Any CPU.Build.0 = Release|Any CPU
		{60FB34A3-8B27-4F29-B659-222F59E6FF2C}.Debug|Any CPU.ActiveCfg = Debug|Any CPU
		{60FB34A3-8B27-4F29-B659-222F59E6FF2C}.Debug|Any CPU.Build.0 = Debug|Any CPU
		{60FB34A3-8B27-4F29-B659-222F59E6FF2C}.Release|Any CPU.ActiveCfg = Release|Any CPU
		{60FB34A3-8B27-4F29-B659-222F59E6FF2C}.Release|Any CPU.Build.0 = Release|Any CPU
	EndGlobalSection
	GlobalSection(SolutionProperties) = preSolution
		HideSolutionNode = FALSE
	EndGlobalSection
	GlobalSection(ExtensibilityGlobals) = postSolution
		SolutionGuid = {75D0CEE6-8CF1-4D42-AC2E-F167338E5943}
	EndGlobalSection
EndGlobal
